
Microsoft Visual Studio Solution File, Format Version 12.00
# Visual Studio 15
Project("{FAE04EC0-301F-11D3-BF4B-00C04F79EFBC}") = "LetMeOutSharp", "LetMeOutSharp\LetMeOutSharp.csproj", "{7B0A5CB5-5192-4469-95E8-FF127F4E2FEF}"
EndProject
Global
	GlobalSection(SolutionConfigurationPlatforms) = preSolution
		Debug|anycpu = Debug|anycpu
		Release|anycpu = Release|anycpu
	EndGlobalSection
	GlobalSection(ProjectConfigurationPlatforms) = postSolution
		{7B0A5CB5-5192-4469-95E8-FF127F4E2FEF}.Debug|anycpu.ActiveCfg = Debug|anycpu
		{7B0A5CB5-5192-4469-95E8-FF127F4E2FEF}.Debug|anycpu.Build.0 = Debug|anycpu
		{7B0A5CB5-5192-4469-95E8-FF127F4E2FEF}.Release|anycpu.ActiveCfg = Release|anycpu
		{7B0A5CB5-5192-4469-95E8-FF127F4E2FEF}.Release|anycpu.Build.0 = Release|anycpu
	EndGlobalSection
EndGlobal
